// !$*UTF8*$!
{
	archiveVersion = 1;
	classes = {
	};
	objectVersion = 56;
	objects = {

/* Begin PBXBuildFile section */
		3B0CEE38298AAE8D00BEC812 /* AppDelegate.swift in Sources */ = {isa = PBXBuildFile; fileRef = 3B0CEE37298AAE8D00BEC812 /* AppDelegate.swift */; };
		3B0CEE3A298AAE8D00BEC812 /* SceneDelegate.swift in Sources */ = {isa = PBXBuildFile; fileRef = 3B0CEE39298AAE8D00BEC812 /* SceneDelegate.swift */; };
		3B0CEE3C298AAE8D00BEC812 /* SBTabViewController.swift in Sources */ = {isa = PBXBuildFile; fileRef = 3B0CEE3B298AAE8D00BEC812 /* SBTabViewController.swift */; };
		3B0CEE41298AAE9000BEC812 /* Assets.xcassets in Resources */ = {isa = PBXBuildFile; fileRef = 3B0CEE40298AAE9000BEC812 /* Assets.xcassets */; };
		3B0CEE44298AAE9000BEC812 /* LaunchScreen.storyboard in Resources */ = {isa = PBXBuildFile; fileRef = 3B0CEE42298AAE9000BEC812 /* LaunchScreen.storyboard */; };
		3B0CEE56298AB15700BEC812 /* SBLocation.swift in Sources */ = {isa = PBXBuildFile; fileRef = 3B0CEE55298AB15700BEC812 /* SBLocation.swift */; };
		3B0CEE58298AB17600BEC812 /* SBCharacter.swift in Sources */ = {isa = PBXBuildFile; fileRef = 3B0CEE57298AB17600BEC812 /* SBCharacter.swift */; };
		3B0CEE5A298AB18500BEC812 /* SBEpisode.swift in Sources */ = {isa = PBXBuildFile; fileRef = 3B0CEE59298AB18500BEC812 /* SBEpisode.swift */; };
		3B0CEE5C298AB23100BEC812 /* SBCharacterController.swift in Sources */ = {isa = PBXBuildFile; fileRef = 3B0CEE5B298AB23000BEC812 /* SBCharacterController.swift */; };
		3B0CEE5E298AB24600BEC812 /* SBLocationViewController.swift in Sources */ = {isa = PBXBuildFile; fileRef = 3B0CEE5D298AB24600BEC812 /* SBLocationViewController.swift */; };
		3B0CEE60298AB25300BEC812 /* SBEpisodeViewController.swift in Sources */ = {isa = PBXBuildFile; fileRef = 3B0CEE5F298AB25300BEC812 /* SBEpisodeViewController.swift */; };
		3B0CEE62298AB26A00BEC812 /* SBSettingsViewController.swift in Sources */ = {isa = PBXBuildFile; fileRef = 3B0CEE61298AB26A00BEC812 /* SBSettingsViewController.swift */; };
		3B0CEE64298ABAD000BEC812 /* SBService.swift in Sources */ = {isa = PBXBuildFile; fileRef = 3B0CEE63298ABAD000BEC812 /* SBService.swift */; };
		3B0CEE66298ABADD00BEC812 /* SBRequest.swift in Sources */ = {isa = PBXBuildFile; fileRef = 3B0CEE65298ABADD00BEC812 /* SBRequest.swift */; };
		3B0CEE68298ABB6E00BEC812 /* SBEndpoint.swift in Sources */ = {isa = PBXBuildFile; fileRef = 3B0CEE67298ABB6E00BEC812 /* SBEndpoint.swift */; };
		3B0CEE6A298ABD0400BEC812 /* SBOrigin.swift in Sources */ = {isa = PBXBuildFile; fileRef = 3B0CEE69298ABD0400BEC812 /* SBOrigin.swift */; };
		3B0CEE6C298ABD8500BEC812 /* SBSingleLocation.swift in Sources */ = {isa = PBXBuildFile; fileRef = 3B0CEE6B298ABD8500BEC812 /* SBSingleLocation.swift */; };
		3B0CEE70298ACB1C00BEC812 /* SBGetAllCharactersResponse.swift in Sources */ = {isa = PBXBuildFile; fileRef = 3B0CEE6F298ACB1C00BEC812 /* SBGetAllCharactersResponse.swift */; };
/* End PBXBuildFile section */

/* Begin PBXFileReference section */
		3B0CEE34298AAE8D00BEC812 /* MortyAndRick.app */ = {isa = PBXFileReference; explicitFileType = wrapper.application; includeInIndex = 0; path = MortyAndRick.app; sourceTree = BUILT_PRODUCTS_DIR; };
		3B0CEE37298AAE8D00BEC812 /* AppDelegate.swift */ = {isa = PBXFileReference; lastKnownFileType = sourcecode.swift; path = AppDelegate.swift; sourceTree = "<group>"; };
		3B0CEE39298AAE8D00BEC812 /* SceneDelegate.swift */ = {isa = PBXFileReference; lastKnownFileType = sourcecode.swift; path = SceneDelegate.swift; sourceTree = "<group>"; };
		3B0CEE3B298AAE8D00BEC812 /* SBTabViewController.swift */ = {isa = PBXFileReference; lastKnownFileType = sourcecode.swift; path = SBTabViewController.swift; sourceTree = "<group>"; };
		3B0CEE40298AAE9000BEC812 /* Assets.xcassets */ = {isa = PBXFileReference; lastKnownFileType = folder.assetcatalog; path = Assets.xcassets; sourceTree = "<group>"; };
		3B0CEE43298AAE9000BEC812 /* Base */ = {isa = PBXFileReference; lastKnownFileType = file.storyboard; name = Base; path = Base.lproj/LaunchScreen.storyboard; sourceTree = "<group>"; };
		3B0CEE45298AAE9000BEC812 /* Info.plist */ = {isa = PBXFileReference; lastKnownFileType = text.plist.xml; path = Info.plist; sourceTree = "<group>"; };
		3B0CEE55298AB15700BEC812 /* SBLocation.swift */ = {isa = PBXFileReference; lastKnownFileType = sourcecode.swift; path = SBLocation.swift; sourceTree = "<group>"; };
		3B0CEE57298AB17600BEC812 /* SBCharacter.swift */ = {isa = PBXFileReference; lastKnownFileType = sourcecode.swift; path = SBCharacter.swift; sourceTree = "<group>"; };
		3B0CEE59298AB18500BEC812 /* SBEpisode.swift */ = {isa = PBXFileReference; lastKnownFileType = sourcecode.swift; path = SBEpisode.swift; sourceTree = "<group>"; };
		3B0CEE5B298AB23000BEC812 /* SBCharacterController.swift */ = {isa = PBXFileReference; lastKnownFileType = sourcecode.swift; path = SBCharacterController.swift; sourceTree = "<group>"; };
		3B0CEE5D298AB24600BEC812 /* SBLocationViewController.swift */ = {isa = PBXFileReference; lastKnownFileType = sourcecode.swift; path = SBLocationViewController.swift; sourceTree = "<group>"; };
		3B0CEE5F298AB25300BEC812 /* SBEpisodeViewController.swift */ = {isa = PBXFileReference; lastKnownFileType = sourcecode.swift; path = SBEpisodeViewController.swift; sourceTree = "<group>"; };
		3B0CEE61298AB26A00BEC812 /* SBSettingsViewController.swift */ = {isa = PBXFileReference; lastKnownFileType = sourcecode.swift; path = SBSettingsViewController.swift; sourceTree = "<group>"; };
		3B0CEE63298ABAD000BEC812 /* SBService.swift */ = {isa = PBXFileReference; lastKnownFileType = sourcecode.swift; path = SBService.swift; sourceTree = "<group>"; };
		3B0CEE65298ABADD00BEC812 /* SBRequest.swift */ = {isa = PBXFileReference; lastKnownFileType = sourcecode.swift; path = SBRequest.swift; sourceTree = "<group>"; };
		3B0CEE67298ABB6E00BEC812 /* SBEndpoint.swift */ = {isa = PBXFileReference; lastKnownFileType = sourcecode.swift; path = SBEndpoint.swift; sourceTree = "<group>"; };
		3B0CEE69298ABD0400BEC812 /* SBOrigin.swift */ = {isa = PBXFileReference; lastKnownFileType = sourcecode.swift; path = SBOrigin.swift; sourceTree = "<group>"; };
		3B0CEE6B298ABD8500BEC812 /* SBSingleLocation.swift */ = {isa = PBXFileReference; lastKnownFileType = sourcecode.swift; path = SBSingleLocation.swift; sourceTree = "<group>"; };
		3B0CEE6F298ACB1C00BEC812 /* SBGetAllCharactersResponse.swift */ = {isa = PBXFileReference; lastKnownFileType = sourcecode.swift; path = SBGetAllCharactersResponse.swift; sourceTree = "<group>"; };
/* End PBXFileReference section */

/* Begin PBXFrameworksBuildPhase section */
		3B0CEE31298AAE8D00BEC812 /* Frameworks */ = {
			isa = PBXFrameworksBuildPhase;
			buildActionMask = 2147483647;
			files = (
			);
			runOnlyForDeploymentPostprocessing = 0;
		};
/* End PBXFrameworksBuildPhase section */

/* Begin PBXGroup section */
		3B0CEE2B298AAE8D00BEC812 = {
			isa = PBXGroup;
			children = (
				3B0CEE36298AAE8D00BEC812 /* MortyAndRick */,
				3B0CEE35298AAE8D00BEC812 /* Products */,
			);
			sourceTree = "<group>";
		};
		3B0CEE35298AAE8D00BEC812 /* Products */ = {
			isa = PBXGroup;
			children = (
				3B0CEE34298AAE8D00BEC812 /* MortyAndRick.app */,
			);
			name = Products;
			sourceTree = "<group>";
		};
		3B0CEE36298AAE8D00BEC812 /* MortyAndRick */ = {
			isa = PBXGroup;
			children = (
				3B0CEE51298AB09C00BEC812 /* Resources */,
				3B0CEE50298AB08E00BEC812 /* Managers */,
				3B0CEE4F298AB07900BEC812 /* APIClients */,
				3B0CEE4E298AB07200BEC812 /* ViewModels */,
				3B0CEE4D298AB06C00BEC812 /* Views */,
				3B0CEE4C298AB06600BEC812 /* Models */,
				3B0CEE4B298AB05500BEC812 /* Controllers */,
				3B0CEE45298AAE9000BEC812 /* Info.plist */,
			);
			path = MortyAndRick;
			sourceTree = "<group>";
		};
		3B0CEE4B298AB05500BEC812 /* Controllers */ = {
			isa = PBXGroup;
			children = (
				3B0CEE52298AB0E700BEC812 /* Core */,
				3B0CEE3B298AAE8D00BEC812 /* SBTabViewController.swift */,
			);
			path = Controllers;
			sourceTree = "<group>";
		};
		3B0CEE4C298AB06600BEC812 /* Models */ = {
			isa = PBXGroup;
			children = (
				3B0CEE6E298ACAFE00BEC812 /* APIResponseTypes */,
				3B0CEE6D298ACAF000BEC812 /* DataTypes */,
			);
			path = Models;
			sourceTree = "<group>";
		};
		3B0CEE4D298AB06C00BEC812 /* Views */ = {
			isa = PBXGroup;
			children = (
			);
			path = Views;
			sourceTree = "<group>";
		};
		3B0CEE4E298AB07200BEC812 /* ViewModels */ = {
			isa = PBXGroup;
			children = (
			);
			path = ViewModels;
			sourceTree = "<group>";
		};
		3B0CEE4F298AB07900BEC812 /* APIClients */ = {
			isa = PBXGroup;
			children = (
				3B0CEE63298ABAD000BEC812 /* SBService.swift */,
				3B0CEE65298ABADD00BEC812 /* SBRequest.swift */,
				3B0CEE67298ABB6E00BEC812 /* SBEndpoint.swift */,
			);
			path = APIClients;
			sourceTree = "<group>";
		};
		3B0CEE50298AB08E00BEC812 /* Managers */ = {
			isa = PBXGroup;
			children = (
			);
			path = Managers;
			sourceTree = "<group>";
		};
		3B0CEE51298AB09C00BEC812 /* Resources */ = {
			isa = PBXGroup;
			children = (
				3B0CEE40298AAE9000BEC812 /* Assets.xcassets */,
				3B0CEE42298AAE9000BEC812 /* LaunchScreen.storyboard */,
				3B0CEE37298AAE8D00BEC812 /* AppDelegate.swift */,
				3B0CEE39298AAE8D00BEC812 /* SceneDelegate.swift */,
			);
			path = Resources;
			sourceTree = "<group>";
		};
		3B0CEE52298AB0E700BEC812 /* Core */ = {
			isa = PBXGroup;
			children = (
				3B0CEE5B298AB23000BEC812 /* SBCharacterController.swift */,
				3B0CEE5D298AB24600BEC812 /* SBLocationViewController.swift */,
				3B0CEE5F298AB25300BEC812 /* SBEpisodeViewController.swift */,
				3B0CEE61298AB26A00BEC812 /* SBSettingsViewController.swift */,
			);
			path = Core;
			sourceTree = "<group>";
		};
		3B0CEE6D298ACAF000BEC812 /* DataTypes */ = {
			isa = PBXGroup;
			children = (
				3B0CEE55298AB15700BEC812 /* SBLocation.swift */,
				3B0CEE57298AB17600BEC812 /* SBCharacter.swift */,
				3B0CEE59298AB18500BEC812 /* SBEpisode.swift */,
				3B0CEE69298ABD0400BEC812 /* SBOrigin.swift */,
				3B0CEE6B298ABD8500BEC812 /* SBSingleLocation.swift */,
			);
			path = DataTypes;
			sourceTree = "<group>";
		};
		3B0CEE6E298ACAFE00BEC812 /* APIResponseTypes */ = {
			isa = PBXGroup;
			children = (
				3B0CEE6F298ACB1C00BEC812 /* SBGetAllCharactersResponse.swift */,
			);
			path = APIResponseTypes;
			sourceTree = "<group>";
		};
/* End PBXGroup section */

/* Begin PBXNativeTarget section */
		3B0CEE33298AAE8D00BEC812 /* MortyAndRick */ = {
			isa = PBXNativeTarget;
			buildConfigurationList = 3B0CEE48298AAE9000BEC812 /* Build configuration list for PBXNativeTarget "MortyAndRick" */;
			buildPhases = (
				3B0CEE30298AAE8D00BEC812 /* Sources */,
				3B0CEE31298AAE8D00BEC812 /* Frameworks */,
				3B0CEE32298AAE8D00BEC812 /* Resources */,
			);
			buildRules = (
			);
			dependencies = (
			);
			name = MortyAndRick;
			productName = MortyAndRick;
			productReference = 3B0CEE34298AAE8D00BEC812 /* MortyAndRick.app */;
			productType = "com.apple.product-type.application";
		};
/* End PBXNativeTarget section */

/* Begin PBXProject section */
		3B0CEE2C298AAE8D00BEC812 /* Project object */ = {
			isa = PBXProject;
			attributes = {
				BuildIndependentTargetsInParallel = 1;
				LastSwiftUpdateCheck = 1420;
				LastUpgradeCheck = 1420;
				TargetAttributes = {
					3B0CEE33298AAE8D00BEC812 = {
						CreatedOnToolsVersion = 14.2;
					};
				};
			};
			buildConfigurationList = 3B0CEE2F298AAE8D00BEC812 /* Build configuration list for PBXProject "MortyAndRick" */;
			compatibilityVersion = "Xcode 14.0";
			developmentRegion = en;
			hasScannedForEncodings = 0;
			knownRegions = (
				en,
				Base,
			);
			mainGroup = 3B0CEE2B298AAE8D00BEC812;
			productRefGroup = 3B0CEE35298AAE8D00BEC812 /* Products */;
			projectDirPath = "";
			projectRoot = "";
			targets = (
				3B0CEE33298AAE8D00BEC812 /* MortyAndRick */,
			);
		};
/* End PBXProject section */

/* Begin PBXResourcesBuildPhase section */
		3B0CEE32298AAE8D00BEC812 /* Resources */ = {
			isa = PBXResourcesBuildPhase;
			buildActionMask = 2147483647;
			files = (
				3B0CEE44298AAE9000BEC812 /* LaunchScreen.storyboard in Resources */,
				3B0CEE41298AAE9000BEC812 /* Assets.xcassets in Resources */,
			);
			runOnlyForDeploymentPostprocessing = 0;
		};
/* End PBXResourcesBuildPhase section */

/* Begin PBXSourcesBuildPhase section */
		3B0CEE30298AAE8D00BEC812 /* Sources */ = {
			isa = PBXSourcesBuildPhase;
			buildActionMask = 2147483647;
			files = (
				3B0CEE70298ACB1C00BEC812 /* SBGetAllCharactersResponse.swift in Sources */,
				3B0CEE5A298AB18500BEC812 /* SBEpisode.swift in Sources */,
				3B0CEE58298AB17600BEC812 /* SBCharacter.swift in Sources */,
				3B0CEE6A298ABD0400BEC812 /* SBOrigin.swift in Sources */,
				3B0CEE5C298AB23100BEC812 /* SBCharacterController.swift in Sources */,
				3B0CEE6C298ABD8500BEC812 /* SBSingleLocation.swift in Sources */,
				3B0CEE3C298AAE8D00BEC812 /* SBTabViewController.swift in Sources */,
				3B0CEE56298AB15700BEC812 /* SBLocation.swift in Sources */,
				3B0CEE64298ABAD000BEC812 /* SBService.swift in Sources */,
				3B0CEE68298ABB6E00BEC812 /* SBEndpoint.swift in Sources */,
				3B0CEE60298AB25300BEC812 /* SBEpisodeViewController.swift in Sources */,
				3B0CEE38298AAE8D00BEC812 /* AppDelegate.swift in Sources */,
				3B0CEE66298ABADD00BEC812 /* SBRequest.swift in Sources */,
				3B0CEE5E298AB24600BEC812 /* SBLocationViewController.swift in Sources */,
				3B0CEE62298AB26A00BEC812 /* SBSettingsViewController.swift in Sources */,
				3B0CEE3A298AAE8D00BEC812 /* SceneDelegate.swift in Sources */,
			);
			runOnlyForDeploymentPostprocessing = 0;
		};
/* End PBXSourcesBuildPhase section */

/* Begin PBXVariantGroup section */
		3B0CEE42298AAE9000BEC812 /* LaunchScreen.storyboard */ = {
			isa = PBXVariantGroup;
			children = (
				3B0CEE43298AAE9000BEC812 /* Base */,
			);
			name = LaunchScreen.storyboard;
			sourceTree = "<group>";
		};
/* End PBXVariantGroup section */

/* Begin XCBuildConfiguration section */
		3B0CEE46298AAE9000BEC812 /* Debug */ = {
			isa = XCBuildConfiguration;
			buildSettings = {
				ALWAYS_SEARCH_USER_PATHS = NO;
				CLANG_ANALYZER_NONNULL = YES;
				CLANG_ANALYZER_NUMBER_OBJECT_CONVERSION = YES_AGGRESSIVE;
				CLANG_CXX_LANGUAGE_STANDARD = "gnu++20";
				CLANG_ENABLE_MODULES = YES;
				CLANG_ENABLE_OBJC_ARC = YES;
				CLANG_ENABLE_OBJC_WEAK = YES;
				CLANG_WARN_BLOCK_CAPTURE_AUTORELEASING = YES;
				CLANG_WARN_BOOL_CONVERSION = YES;
				CLANG_WARN_COMMA = YES;
				CLANG_WARN_CONSTANT_CONVERSION = YES;
				CLANG_WARN_DEPRECATED_OBJC_IMPLEMENTATIONS = YES;
				CLANG_WARN_DIRECT_OBJC_ISA_USAGE = YES_ERROR;
				CLANG_WARN_DOCUMENTATION_COMMENTS = YES;
				CLANG_WARN_EMPTY_BODY = YES;
				CLANG_WARN_ENUM_CONVERSION = YES;
				CLANG_WARN_INFINITE_RECURSION = YES;
				CLANG_WARN_INT_CONVERSION = YES;
				CLANG_WARN_NON_LITERAL_NULL_CONVERSION = YES;
				CLANG_WARN_OBJC_IMPLICIT_RETAIN_SELF = YES;
				CLANG_WARN_OBJC_LITERAL_CONVERSION = YES;
				CLANG_WARN_OBJC_ROOT_CLASS = YES_ERROR;
				CLANG_WARN_QUOTED_INCLUDE_IN_FRAMEWORK_HEADER = YES;
				CLANG_WARN_RANGE_LOOP_ANALYSIS = YES;
				CLANG_WARN_STRICT_PROTOTYPES = YES;
				CLANG_WARN_SUSPICIOUS_MOVE = YES;
				CLANG_WARN_UNGUARDED_AVAILABILITY = YES_AGGRESSIVE;
				CLANG_WARN_UNREACHABLE_CODE = YES;
				CLANG_WARN__DUPLICATE_METHOD_MATCH = YES;
				COPY_PHASE_STRIP = NO;
				DEBUG_INFORMATION_FORMAT = dwarf;
				ENABLE_STRICT_OBJC_MSGSEND = YES;
				ENABLE_TESTABILITY = YES;
				GCC_C_LANGUAGE_STANDARD = gnu11;
				GCC_DYNAMIC_NO_PIC = NO;
				GCC_NO_COMMON_BLOCKS = YES;
				GCC_OPTIMIZATION_LEVEL = 0;
				GCC_PREPROCESSOR_DEFINITIONS = (
					"DEBUG=1",
					"$(inherited)",
				);
				GCC_WARN_64_TO_32_BIT_CONVERSION = YES;
				GCC_WARN_ABOUT_RETURN_TYPE = YES_ERROR;
				GCC_WARN_UNDECLARED_SELECTOR = YES;
				GCC_WARN_UNINITIALIZED_AUTOS = YES_AGGRESSIVE;
				GCC_WARN_UNUSED_FUNCTION = YES;
				GCC_WARN_UNUSED_VARIABLE = YES;
				IPHONEOS_DEPLOYMENT_TARGET = 16.2;
				MTL_ENABLE_DEBUG_INFO = INCLUDE_SOURCE;
				MTL_FAST_MATH = YES;
				ONLY_ACTIVE_ARCH = YES;
				SDKROOT = iphoneos;
				SWIFT_ACTIVE_COMPILATION_CONDITIONS = DEBUG;
				SWIFT_OPTIMIZATION_LEVEL = "-Onone";
			};
			name = Debug;
		};
		3B0CEE47298AAE9000BEC812 /* Release */ = {
			isa = XCBuildConfiguration;
			buildSettings = {
				ALWAYS_SEARCH_USER_PATHS = NO;
				CLANG_ANALYZER_NONNULL = YES;
				CLANG_ANALYZER_NUMBER_OBJECT_CONVERSION = YES_AGGRESSIVE;
				CLANG_CXX_LANGUAGE_STANDARD = "gnu++20";
				CLANG_ENABLE_MODULES = YES;
				CLANG_ENABLE_OBJC_ARC = YES;
				CLANG_ENABLE_OBJC_WEAK = YES;
				CLANG_WARN_BLOCK_CAPTURE_AUTORELEASING = YES;
				CLANG_WARN_BOOL_CONVERSION = YES;
				CLANG_WARN_COMMA = YES;
				CLANG_WARN_CONSTANT_CONVERSION = YES;
				CLANG_WARN_DEPRECATED_OBJC_IMPLEMENTATIONS = YES;
				CLANG_WARN_DIRECT_OBJC_ISA_USAGE = YES_ERROR;
				CLANG_WARN_DOCUMENTATION_COMMENTS = YES;
				CLANG_WARN_EMPTY_BODY = YES;
				CLANG_WARN_ENUM_CONVERSION = YES;
				CLANG_WARN_INFINITE_RECURSION = YES;
				CLANG_WARN_INT_CONVERSION = YES;
				CLANG_WARN_NON_LITERAL_NULL_CONVERSION = YES;
				CLANG_WARN_OBJC_IMPLICIT_RETAIN_SELF = YES;
				CLANG_WARN_OBJC_LITERAL_CONVERSION = YES;
				CLANG_WARN_OBJC_ROOT_CLASS = YES_ERROR;
				CLANG_WARN_QUOTED_INCLUDE_IN_FRAMEWORK_HEADER = YES;
				CLANG_WARN_RANGE_LOOP_ANALYSIS = YES;
				CLANG_WARN_STRICT_PROTOTYPES = YES;
				CLANG_WARN_SUSPICIOUS_MOVE = YES;
				CLANG_WARN_UNGUARDED_AVAILABILITY = YES_AGGRESSIVE;
				CLANG_WARN_UNREACHABLE_CODE = YES;
				CLANG_WARN__DUPLICATE_METHOD_MATCH = YES;
				COPY_PHASE_STRIP = NO;
				DEBUG_INFORMATION_FORMAT = "dwarf-with-dsym";
				ENABLE_NS_ASSERTIONS = NO;
				ENABLE_STRICT_OBJC_MSGSEND = YES;
				GCC_C_LANGUAGE_STANDARD = gnu11;
				GCC_NO_COMMON_BLOCKS = YES;
				GCC_WARN_64_TO_32_BIT_CONVERSION = YES;
				GCC_WARN_ABOUT_RETURN_TYPE = YES_ERROR;
				GCC_WARN_UNDECLARED_SELECTOR = YES;
				GCC_WARN_UNINITIALIZED_AUTOS = YES_AGGRESSIVE;
				GCC_WARN_UNUSED_FUNCTION = YES;
				GCC_WARN_UNUSED_VARIABLE = YES;
				IPHONEOS_DEPLOYMENT_TARGET = 16.2;
				MTL_ENABLE_DEBUG_INFO = NO;
				MTL_FAST_MATH = YES;
				SDKROOT = iphoneos;
				SWIFT_COMPILATION_MODE = wholemodule;
				SWIFT_OPTIMIZATION_LEVEL = "-O";
				VALIDATE_PRODUCT = YES;
			};
			name = Release;
		};
		3B0CEE49298AAE9000BEC812 /* Debug */ = {
			isa = XCBuildConfiguration;
			buildSettings = {
				ASSETCATALOG_COMPILER_APPICON_NAME = AppIcon;
				ASSETCATALOG_COMPILER_GLOBAL_ACCENT_COLOR_NAME = AccentColor;
				CODE_SIGN_STYLE = Automatic;
				CURRENT_PROJECT_VERSION = 1;
				DEVELOPMENT_TEAM = N82P27V56Z;
				GENERATE_INFOPLIST_FILE = YES;
				INFOPLIST_FILE = MortyAndRick/Info.plist;
				INFOPLIST_KEY_UIApplicationSupportsIndirectInputEvents = YES;
				INFOPLIST_KEY_UILaunchStoryboardName = LaunchScreen;
				INFOPLIST_KEY_UISupportedInterfaceOrientations_iPad = "UIInterfaceOrientationPortrait UIInterfaceOrientationPortraitUpsideDown UIInterfaceOrientationLandscapeLeft UIInterfaceOrientationLandscapeRight";
				INFOPLIST_KEY_UISupportedInterfaceOrientations_iPhone = "UIInterfaceOrientationPortrait UIInterfaceOrientationLandscapeLeft UIInterfaceOrientationLandscapeRight";
				LD_RUNPATH_SEARCH_PATHS = (
					"$(inherited)",
					"@executable_path/Frameworks",
				);
				MARKETING_VERSION = 1.0;
				PRODUCT_BUNDLE_IDENTIFIER = com.samicheaterb.MortyAndRick;
				PRODUCT_NAME = "$(TARGET_NAME)";
				SWIFT_EMIT_LOC_STRINGS = YES;
				SWIFT_VERSION = 5.0;
				TARGETED_DEVICE_FAMILY = "1,2";
			};
			name = Debug;
		};
		3B0CEE4A298AAE9000BEC812 /* Release */ = {
			isa = XCBuildConfiguration;
			buildSettings = {
				ASSETCATALOG_COMPILER_APPICON_NAME = AppIcon;
				ASSETCATALOG_COMPILER_GLOBAL_ACCENT_COLOR_NAME = AccentColor;
				CODE_SIGN_STYLE = Automatic;
				CURRENT_PROJECT_VERSION = 1;
				DEVELOPMENT_TEAM = N82P27V56Z;
				GENERATE_INFOPLIST_FILE = YES;
				INFOPLIST_FILE = MortyAndRick/Info.plist;
				INFOPLIST_KEY_UIApplicationSupportsIndirectInputEvents = YES;
				INFOPLIST_KEY_UILaunchStoryboardName = LaunchScreen;
				INFOPLIST_KEY_UISupportedInterfaceOrientations_iPad = "UIInterfaceOrientationPortrait UIInterfaceOrientationPortraitUpsideDown UIInterfaceOrientationLandscapeLeft UIInterfaceOrientationLandscapeRight";
				INFOPLIST_KEY_UISupportedInterfaceOrientations_iPhone = "UIInterfaceOrientationPortrait UIInterfaceOrientationLandscapeLeft UIInterfaceOrientationLandscapeRight";
				LD_RUNPATH_SEARCH_PATHS = (
					"$(inherited)",
					"@executable_path/Frameworks",
				);
				MARKETING_VERSION = 1.0;
				PRODUCT_BUNDLE_IDENTIFIER = com.samicheaterb.MortyAndRick;
				PRODUCT_NAME = "$(TARGET_NAME)";
				SWIFT_EMIT_LOC_STRINGS = YES;
				SWIFT_VERSION = 5.0;
				TARGETED_DEVICE_FAMILY = "1,2";
			};
			name = Release;
		};
/* End XCBuildConfiguration section */

/* Begin XCConfigurationList section */
		3B0CEE2F298AAE8D00BEC812 /* Build configuration list for PBXProject "MortyAndRick" */ = {
			isa = XCConfigurationList;
			buildConfigurations = (
				3B0CEE46298AAE9000BEC812 /* Debug */,
				3B0CEE47298AAE9000BEC812 /* Release */,
			);
			defaultConfigurationIsVisible = 0;
			defaultConfigurationName = Release;
		};
		3B0CEE48298AAE9000BEC812 /* Build configuration list for PBXNativeTarget "MortyAndRick" */ = {
			isa = XCConfigurationList;
			buildConfigurations = (
				3B0CEE49298AAE9000BEC812 /* Debug */,
				3B0CEE4A298AAE9000BEC812 /* Release */,
			);
			defaultConfigurationIsVisible = 0;
			defaultConfigurationName = Release;
		};
/* End XCConfigurationList section */
	};
	rootObject = 3B0CEE2C298AAE8D00BEC812 /* Project object */;
}
